// !$*UTF8*$!
{
	archiveVersion = 1;
	classes = {
	};
	objectVersion = 50;
	objects = {

/* Begin PBXBuildFile section */
		AF60B731227B05D40060608C /* AppDelegate.swift in Sources */ = {isa = PBXBuildFile; fileRef = AF60B730227B05D40060608C /* AppDelegate.swift */; };
		AF60B733227B05D40060608C /* ViewController.swift in Sources */ = {isa = PBXBuildFile; fileRef = AF60B732227B05D40060608C /* ViewController.swift */; };
		AF60B736227B05D40060608C /* Main.storyboard in Resources */ = {isa = PBXBuildFile; fileRef = AF60B734227B05D40060608C /* Main.storyboard */; };
		AF60B738227B05D60060608C /* Assets.xcassets in Resources */ = {isa = PBXBuildFile; fileRef = AF60B737227B05D60060608C /* Assets.xcassets */; };
		AF60B73B227B05D60060608C /* LaunchScreen.storyboard in Resources */ = {isa = PBXBuildFile; fileRef = AF60B739227B05D60060608C /* LaunchScreen.storyboard */; };
		AF60B748227B087C0060608C /* MainNavigationController.swift in Sources */ = {isa = PBXBuildFile; fileRef = AF60B747227B087C0060608C /* MainNavigationController.swift */; };
		AF60B74B227B090B0060608C /* HomeViewController.swift in Sources */ = {isa = PBXBuildFile; fileRef = AF60B749227B090B0060608C /* HomeViewController.swift */; };
		AF60B74C227B090B0060608C /* HomeViewController.xib in Resources */ = {isa = PBXBuildFile; fileRef = AF60B74A227B090B0060608C /* HomeViewController.xib */; };
		AF60B74E227B09B80060608C /* ServiceManager.swift in Sources */ = {isa = PBXBuildFile; fileRef = AF60B74D227B09B80060608C /* ServiceManager.swift */; };
		AF60B750227B09E80060608C /* DataManager.swift in Sources */ = {isa = PBXBuildFile; fileRef = AF60B74F227B09E80060608C /* DataManager.swift */; };
		AF60B752227B0A390060608C /* NetworkService.swift in Sources */ = {isa = PBXBuildFile; fileRef = AF60B751227B0A390060608C /* NetworkService.swift */; };
		AF60B754227B0A530060608C /* Request.swift in Sources */ = {isa = PBXBuildFile; fileRef = AF60B753227B0A530060608C /* Request.swift */; };
		AF60B756227B0A7D0060608C /* Person.swift in Sources */ = {isa = PBXBuildFile; fileRef = AF60B755227B0A7D0060608C /* Person.swift */; };
		AF60B75F227B0D230060608C /* PersonViewController.swift in Sources */ = {isa = PBXBuildFile; fileRef = AF60B75D227B0D230060608C /* PersonViewController.swift */; };
		AF60B760227B0D230060608C /* PersonViewController.xib in Resources */ = {isa = PBXBuildFile; fileRef = AF60B75E227B0D230060608C /* PersonViewController.xib */; };
		AF60B763227B0E290060608C /* Kingfisher.framework in Frameworks */ = {isa = PBXBuildFile; fileRef = AF60B761227B0E210060608C /* Kingfisher.framework */; };
		AF60B764227B0E290060608C /* Kingfisher.framework in Embed Frameworks */ = {isa = PBXBuildFile; fileRef = AF60B761227B0E210060608C /* Kingfisher.framework */; settings = {ATTRIBUTES = (CodeSignOnCopy, RemoveHeadersOnCopy, ); }; };
		AF60B767227B0E760060608C /* PersonViewModel.swift in Sources */ = {isa = PBXBuildFile; fileRef = AF60B766227B0E760060608C /* PersonViewModel.swift */; };
/* End PBXBuildFile section */

/* Begin PBXCopyFilesBuildPhase section */
		AF60B765227B0E290060608C /* Embed Frameworks */ = {
			isa = PBXCopyFilesBuildPhase;
			buildActionMask = 2147483647;
			dstPath = "";
			dstSubfolderSpec = 10;
			files = (
				AF60B764227B0E290060608C /* Kingfisher.framework in Embed Frameworks */,
			);
			name = "Embed Frameworks";
			runOnlyForDeploymentPostprocessing = 0;
		};
/* End PBXCopyFilesBuildPhase section */

/* Begin PBXFileReference section */
		AF60B72D227B05D40060608C /* RiksdagsMemo.app */ = {isa = PBXFileReference; explicitFileType = wrapper.application; includeInIndex = 0; path = RiksdagsMemo.app; sourceTree = BUILT_PRODUCTS_DIR; };
		AF60B730227B05D40060608C /* AppDelegate.swift */ = {isa = PBXFileReference; lastKnownFileType = sourcecode.swift; path = AppDelegate.swift; sourceTree = "<group>"; };
		AF60B732227B05D40060608C /* ViewController.swift */ = {isa = PBXFileReference; lastKnownFileType = sourcecode.swift; path = ViewController.swift; sourceTree = "<group>"; };
		AF60B735227B05D40060608C /* Base */ = {isa = PBXFileReference; lastKnownFileType = file.storyboard; name = Base; path = Base.lproj/Main.storyboard; sourceTree = "<group>"; };
		AF60B737227B05D60060608C /* Assets.xcassets */ = {isa = PBXFileReference; lastKnownFileType = folder.assetcatalog; path = Assets.xcassets; sourceTree = "<group>"; };
		AF60B73A227B05D60060608C /* Base */ = {isa = PBXFileReference; lastKnownFileType = file.storyboard; name = Base; path = Base.lproj/LaunchScreen.storyboard; sourceTree = "<group>"; };
		AF60B73C227B05D60060608C /* Info.plist */ = {isa = PBXFileReference; lastKnownFileType = text.plist.xml; path = Info.plist; sourceTree = "<group>"; };
		AF60B747227B087C0060608C /* MainNavigationController.swift */ = {isa = PBXFileReference; lastKnownFileType = sourcecode.swift; path = MainNavigationController.swift; sourceTree = "<group>"; };
		AF60B749227B090B0060608C /* HomeViewController.swift */ = {isa = PBXFileReference; lastKnownFileType = sourcecode.swift; path = HomeViewController.swift; sourceTree = "<group>"; };
		AF60B74A227B090B0060608C /* HomeViewController.xib */ = {isa = PBXFileReference; lastKnownFileType = file.xib; path = HomeViewController.xib; sourceTree = "<group>"; };
		AF60B74D227B09B80060608C /* ServiceManager.swift */ = {isa = PBXFileReference; lastKnownFileType = sourcecode.swift; path = ServiceManager.swift; sourceTree = "<group>"; };
		AF60B74F227B09E80060608C /* DataManager.swift */ = {isa = PBXFileReference; lastKnownFileType = sourcecode.swift; path = DataManager.swift; sourceTree = "<group>"; };
		AF60B751227B0A390060608C /* NetworkService.swift */ = {isa = PBXFileReference; lastKnownFileType = sourcecode.swift; path = NetworkService.swift; sourceTree = "<group>"; };
		AF60B753227B0A530060608C /* Request.swift */ = {isa = PBXFileReference; lastKnownFileType = sourcecode.swift; path = Request.swift; sourceTree = "<group>"; };
		AF60B755227B0A7D0060608C /* Person.swift */ = {isa = PBXFileReference; lastKnownFileType = sourcecode.swift; path = Person.swift; sourceTree = "<group>"; };
		AF60B75D227B0D230060608C /* PersonViewController.swift */ = {isa = PBXFileReference; lastKnownFileType = sourcecode.swift; path = PersonViewController.swift; sourceTree = "<group>"; };
		AF60B75E227B0D230060608C /* PersonViewController.xib */ = {isa = PBXFileReference; lastKnownFileType = file.xib; path = PersonViewController.xib; sourceTree = "<group>"; };
		AF60B761227B0E210060608C /* Kingfisher.framework */ = {isa = PBXFileReference; lastKnownFileType = wrapper.framework; path = Kingfisher.framework; sourceTree = "<group>"; };
		AF60B766227B0E760060608C /* PersonViewModel.swift */ = {isa = PBXFileReference; lastKnownFileType = sourcecode.swift; path = PersonViewModel.swift; sourceTree = "<group>"; };
/* End PBXFileReference section */

/* Begin PBXFrameworksBuildPhase section */
		AF60B72A227B05D40060608C /* Frameworks */ = {
			isa = PBXFrameworksBuildPhase;
			buildActionMask = 2147483647;
			files = (
				AF60B763227B0E290060608C /* Kingfisher.framework in Frameworks */,
			);
			runOnlyForDeploymentPostprocessing = 0;
		};
/* End PBXFrameworksBuildPhase section */

/* Begin PBXGroup section */
		AF60B724227B05D40060608C = {
			isa = PBXGroup;
			children = (
				AF60B761227B0E210060608C /* Kingfisher.framework */,
				AF60B72F227B05D40060608C /* RiksdagsMemo */,
				AF60B72E227B05D40060608C /* Products */,
			);
			sourceTree = "<group>";
		};
		AF60B72E227B05D40060608C /* Products */ = {
			isa = PBXGroup;
			children = (
				AF60B72D227B05D40060608C /* RiksdagsMemo.app */,
			);
			name = Products;
			sourceTree = "<group>";
		};
		AF60B72F227B05D40060608C /* RiksdagsMemo */ = {
			isa = PBXGroup;
			children = (
				AF60B746227B08340060608C /* Navigation */,
				AF60B745227B08320060608C /* Services */,
				AF60B743227B08020060608C /* Screens */,
				AF60B742227B07F50060608C /* Helpers */,
				AF60B730227B05D40060608C /* AppDelegate.swift */,
				AF60B732227B05D40060608C /* ViewController.swift */,
				AF60B734227B05D40060608C /* Main.storyboard */,
				AF60B737227B05D60060608C /* Assets.xcassets */,
				AF60B739227B05D60060608C /* LaunchScreen.storyboard */,
				AF60B73C227B05D60060608C /* Info.plist */,
			);
			path = RiksdagsMemo;
			sourceTree = "<group>";
		};
		AF60B742227B07F50060608C /* Helpers */ = {
			isa = PBXGroup;
			children = (
			);
			path = Helpers;
			sourceTree = "<group>";
		};
		AF60B743227B08020060608C /* Screens */ = {
			isa = PBXGroup;
			children = (
				AF60B75C227B0D0F0060608C /* Person */,
				AF60B75B227B0D030060608C /* Home */,
			);
			path = Screens;
			sourceTree = "<group>";
		};
		AF60B744227B080E0060608C /* Data */ = {
			isa = PBXGroup;
			children = (
				AF60B74F227B09E80060608C /* DataManager.swift */,
				AF60B755227B0A7D0060608C /* Person.swift */,
			);
			path = Data;
			sourceTree = "<group>";
		};
		AF60B745227B08320060608C /* Services */ = {
			isa = PBXGroup;
			children = (
				AF60B74D227B09B80060608C /* ServiceManager.swift */,
				AF60B751227B0A390060608C /* NetworkService.swift */,
				AF60B753227B0A530060608C /* Request.swift */,
				AF60B744227B080E0060608C /* Data */,
			);
			path = Services;
			sourceTree = "<group>";
		};
		AF60B746227B08340060608C /* Navigation */ = {
			isa = PBXGroup;
			children = (
				AF60B747227B087C0060608C /* MainNavigationController.swift */,
			);
			path = Navigation;
			sourceTree = "<group>";
		};
		AF60B75B227B0D030060608C /* Home */ = {
			isa = PBXGroup;
			children = (
				AF60B749227B090B0060608C /* HomeViewController.swift */,
				AF60B74A227B090B0060608C /* HomeViewController.xib */,
			);
			path = Home;
			sourceTree = "<group>";
		};
		AF60B75C227B0D0F0060608C /* Person */ = {
			isa = PBXGroup;
			children = (
				AF60B75D227B0D230060608C /* PersonViewController.swift */,
				AF60B75E227B0D230060608C /* PersonViewController.xib */,
				AF60B766227B0E760060608C /* PersonViewModel.swift */,
			);
			path = Person;
			sourceTree = "<group>";
		};
/* End PBXGroup section */

/* Begin PBXNativeTarget section */
		AF60B72C227B05D40060608C /* RiksdagsMemo */ = {
			isa = PBXNativeTarget;
			buildConfigurationList = AF60B73F227B05D60060608C /* Build configuration list for PBXNativeTarget "RiksdagsMemo" */;
			buildPhases = (
				AF60B729227B05D40060608C /* Sources */,
				AF60B72A227B05D40060608C /* Frameworks */,
				AF60B72B227B05D40060608C /* Resources */,
				AF60B765227B0E290060608C /* Embed Frameworks */,
			);
			buildRules = (
			);
			dependencies = (
			);
			name = RiksdagsMemo;
			productName = RiksdagsMemo;
			productReference = AF60B72D227B05D40060608C /* RiksdagsMemo.app */;
			productType = "com.apple.product-type.application";
		};
/* End PBXNativeTarget section */

/* Begin PBXProject section */
		AF60B725227B05D40060608C /* Project object */ = {
			isa = PBXProject;
			attributes = {
				LastSwiftUpdateCheck = 1010;
				LastUpgradeCheck = 1010;
				ORGANIZATIONNAME = Henrik;
				TargetAttributes = {
					AF60B72C227B05D40060608C = {
						CreatedOnToolsVersion = 10.1;
					};
				};
			};
			buildConfigurationList = AF60B728227B05D40060608C /* Build configuration list for PBXProject "RiksdagsMemo" */;
			compatibilityVersion = "Xcode 9.3";
			developmentRegion = en;
			hasScannedForEncodings = 0;
			knownRegions = (
				en,
				Base,
			);
			mainGroup = AF60B724227B05D40060608C;
			productRefGroup = AF60B72E227B05D40060608C /* Products */;
			projectDirPath = "";
			projectRoot = "";
			targets = (
				AF60B72C227B05D40060608C /* RiksdagsMemo */,
			);
		};
/* End PBXProject section */

/* Begin PBXResourcesBuildPhase section */
		AF60B72B227B05D40060608C /* Resources */ = {
			isa = PBXResourcesBuildPhase;
			buildActionMask = 2147483647;
			files = (
				AF60B73B227B05D60060608C /* LaunchScreen.storyboard in Resources */,
				AF60B760227B0D230060608C /* PersonViewController.xib in Resources */,
				AF60B738227B05D60060608C /* Assets.xcassets in Resources */,
				AF60B736227B05D40060608C /* Main.storyboard in Resources */,
				AF60B74C227B090B0060608C /* HomeViewController.xib in Resources */,
			);
			runOnlyForDeploymentPostprocessing = 0;
		};
/* End PBXResourcesBuildPhase section */

/* Begin PBXSourcesBuildPhase section */
		AF60B729227B05D40060608C /* Sources */ = {
			isa = PBXSourcesBuildPhase;
			buildActionMask = 2147483647;
			files = (
				AF60B748227B087C0060608C /* MainNavigationController.swift in Sources */,
				AF60B754227B0A530060608C /* Request.swift in Sources */,
				AF60B750227B09E80060608C /* DataManager.swift in Sources */,
				AF60B767227B0E760060608C /* PersonViewModel.swift in Sources */,
				AF60B733227B05D40060608C /* ViewController.swift in Sources */,
				AF60B731227B05D40060608C /* AppDelegate.swift in Sources */,
				AF60B75F227B0D230060608C /* PersonViewController.swift in Sources */,
				AF60B74B227B090B0060608C /* HomeViewController.swift in Sources */,
				AF60B756227B0A7D0060608C /* Person.swift in Sources */,
				AF60B74E227B09B80060608C /* ServiceManager.swift in Sources */,
				AF60B752227B0A390060608C /* NetworkService.swift in Sources */,
			);
			runOnlyForDeploymentPostprocessing = 0;
		};
/* End PBXSourcesBuildPhase section */

/* Begin PBXVariantGroup section */
		AF60B734227B05D40060608C /* Main.storyboard */ = {
			isa = PBXVariantGroup;
			children = (
				AF60B735227B05D40060608C /* Base */,
			);
			name = Main.storyboard;
			sourceTree = "<group>";
		};
		AF60B739227B05D60060608C /* LaunchScreen.storyboard */ = {
			isa = PBXVariantGroup;
			children = (
				AF60B73A227B05D60060608C /* Base */,
			);
			name = LaunchScreen.storyboard;
			sourceTree = "<group>";
		};
/* End PBXVariantGroup section */

/* Begin XCBuildConfiguration section */
		AF60B73D227B05D60060608C /* Debug */ = {
			isa = XCBuildConfiguration;
			buildSettings = {
				ALWAYS_SEARCH_USER_PATHS = NO;
				CLANG_ANALYZER_NONNULL = YES;
				CLANG_ANALYZER_NUMBER_OBJECT_CONVERSION = YES_AGGRESSIVE;
				CLANG_CXX_LANGUAGE_STANDARD = "gnu++14";
				CLANG_CXX_LIBRARY = "libc++";
				CLANG_ENABLE_MODULES = YES;
				CLANG_ENABLE_OBJC_ARC = YES;
				CLANG_ENABLE_OBJC_WEAK = YES;
				CLANG_WARN_BLOCK_CAPTURE_AUTORELEASING = YES;
				CLANG_WARN_BOOL_CONVERSION = YES;
				CLANG_WARN_COMMA = YES;
				CLANG_WARN_CONSTANT_CONVERSION = YES;
				CLANG_WARN_DEPRECATED_OBJC_IMPLEMENTATIONS = YES;
				CLANG_WARN_DIRECT_OBJC_ISA_USAGE = YES_ERROR;
				CLANG_WARN_DOCUMENTATION_COMMENTS = YES;
				CLANG_WARN_EMPTY_BODY = YES;
				CLANG_WARN_ENUM_CONVERSION = YES;
				CLANG_WARN_INFINITE_RECURSION = YES;
				CLANG_WARN_INT_CONVERSION = YES;
				CLANG_WARN_NON_LITERAL_NULL_CONVERSION = YES;
				CLANG_WARN_OBJC_IMPLICIT_RETAIN_SELF = YES;
				CLANG_WARN_OBJC_LITERAL_CONVERSION = YES;
				CLANG_WARN_OBJC_ROOT_CLASS = YES_ERROR;
				CLANG_WARN_RANGE_LOOP_ANALYSIS = YES;
				CLANG_WARN_STRICT_PROTOTYPES = YES;
				CLANG_WARN_SUSPICIOUS_MOVE = YES;
				CLANG_WARN_UNGUARDED_AVAILABILITY = YES_AGGRESSIVE;
				CLANG_WARN_UNREACHABLE_CODE = YES;
				CLANG_WARN__DUPLICATE_METHOD_MATCH = YES;
				CODE_SIGN_IDENTITY = "iPhone Developer";
				COPY_PHASE_STRIP = NO;
				DEBUG_INFORMATION_FORMAT = dwarf;
				ENABLE_STRICT_OBJC_MSGSEND = YES;
				ENABLE_TESTABILITY = YES;
				GCC_C_LANGUAGE_STANDARD = gnu11;
				GCC_DYNAMIC_NO_PIC = NO;
				GCC_NO_COMMON_BLOCKS = YES;
				GCC_OPTIMIZATION_LEVEL = 0;
				GCC_PREPROCESSOR_DEFINITIONS = (
					"DEBUG=1",
					"$(inherited)",
				);
				GCC_WARN_64_TO_32_BIT_CONVERSION = YES;
				GCC_WARN_ABOUT_RETURN_TYPE = YES_ERROR;
				GCC_WARN_UNDECLARED_SELECTOR = YES;
				GCC_WARN_UNINITIALIZED_AUTOS = YES_AGGRESSIVE;
				GCC_WARN_UNUSED_FUNCTION = YES;
				GCC_WARN_UNUSED_VARIABLE = YES;
				IPHONEOS_DEPLOYMENT_TARGET = 12.1;
				MTL_ENABLE_DEBUG_INFO = INCLUDE_SOURCE;
				MTL_FAST_MATH = YES;
				ONLY_ACTIVE_ARCH = YES;
				SDKROOT = iphoneos;
				SWIFT_ACTIVE_COMPILATION_CONDITIONS = DEBUG;
				SWIFT_OPTIMIZATION_LEVEL = "-Onone";
			};
			name = Debug;
		};
		AF60B73E227B05D60060608C /* Release */ = {
			isa = XCBuildConfiguration;
			buildSettings = {
				ALWAYS_SEARCH_USER_PATHS = NO;
				CLANG_ANALYZER_NONNULL = YES;
				CLANG_ANALYZER_NUMBER_OBJECT_CONVERSION = YES_AGGRESSIVE;
				CLANG_CXX_LANGUAGE_STANDARD = "gnu++14";
				CLANG_CXX_LIBRARY = "libc++";
				CLANG_ENABLE_MODULES = YES;
				CLANG_ENABLE_OBJC_ARC = YES;
				CLANG_ENABLE_OBJC_WEAK = YES;
				CLANG_WARN_BLOCK_CAPTURE_AUTORELEASING = YES;
				CLANG_WARN_BOOL_CONVERSION = YES;
				CLANG_WARN_COMMA = YES;
				CLANG_WARN_CONSTANT_CONVERSION = YES;
				CLANG_WARN_DEPRECATED_OBJC_IMPLEMENTATIONS = YES;
				CLANG_WARN_DIRECT_OBJC_ISA_USAGE = YES_ERROR;
				CLANG_WARN_DOCUMENTATION_COMMENTS = YES;
				CLANG_WARN_EMPTY_BODY = YES;
				CLANG_WARN_ENUM_CONVERSION = YES;
				CLANG_WARN_INFINITE_RECURSION = YES;
				CLANG_WARN_INT_CONVERSION = YES;
				CLANG_WARN_NON_LITERAL_NULL_CONVERSION = YES;
				CLANG_WARN_OBJC_IMPLICIT_RETAIN_SELF = YES;
				CLANG_WARN_OBJC_LITERAL_CONVERSION = YES;
				CLANG_WARN_OBJC_ROOT_CLASS = YES_ERROR;
				CLANG_WARN_RANGE_LOOP_ANALYSIS = YES;
				CLANG_WARN_STRICT_PROTOTYPES = YES;
				CLANG_WARN_SUSPICIOUS_MOVE = YES;
				CLANG_WARN_UNGUARDED_AVAILABILITY = YES_AGGRESSIVE;
				CLANG_WARN_UNREACHABLE_CODE = YES;
				CLANG_WARN__DUPLICATE_METHOD_MATCH = YES;
				CODE_SIGN_IDENTITY = "iPhone Developer";
				COPY_PHASE_STRIP = NO;
				DEBUG_INFORMATION_FORMAT = "dwarf-with-dsym";
				ENABLE_NS_ASSERTIONS = NO;
				ENABLE_STRICT_OBJC_MSGSEND = YES;
				GCC_C_LANGUAGE_STANDARD = gnu11;
				GCC_NO_COMMON_BLOCKS = YES;
				GCC_WARN_64_TO_32_BIT_CONVERSION = YES;
				GCC_WARN_ABOUT_RETURN_TYPE = YES_ERROR;
				GCC_WARN_UNDECLARED_SELECTOR = YES;
				GCC_WARN_UNINITIALIZED_AUTOS = YES_AGGRESSIVE;
				GCC_WARN_UNUSED_FUNCTION = YES;
				GCC_WARN_UNUSED_VARIABLE = YES;
				IPHONEOS_DEPLOYMENT_TARGET = 12.1;
				MTL_ENABLE_DEBUG_INFO = NO;
				MTL_FAST_MATH = YES;
				SDKROOT = iphoneos;
				SWIFT_COMPILATION_MODE = wholemodule;
				SWIFT_OPTIMIZATION_LEVEL = "-O";
				VALIDATE_PRODUCT = YES;
			};
			name = Release;
		};
		AF60B740227B05D60060608C /* Debug */ = {
			isa = XCBuildConfiguration;
			buildSettings = {
				ASSETCATALOG_COMPILER_APPICON_NAME = AppIcon;
				CODE_SIGN_STYLE = Automatic;
				DEVELOPMENT_TEAM = LT2ZWB24ZA;
				FRAMEWORK_SEARCH_PATHS = (
					"$(inherited)",
					"$(PROJECT_DIR)",
				);
				INFOPLIST_FILE = RiksdagsMemo/Info.plist;
				LD_RUNPATH_SEARCH_PATHS = (
					"$(inherited)",
					"@executable_path/Frameworks",
				);
				PRODUCT_BUNDLE_IDENTIFIER = se.larssonhenrik.abc.RiksdagsMemo;
				PRODUCT_NAME = "$(TARGET_NAME)";
				SWIFT_VERSION = 4.2;
				TARGETED_DEVICE_FAMILY = "1,2";
			};
			name = Debug;
		};
		AF60B741227B05D60060608C /* Release */ = {
			isa = XCBuildConfiguration;
			buildSettings = {
				ASSETCATALOG_COMPILER_APPICON_NAME = AppIcon;
				CODE_SIGN_STYLE = Automatic;
				DEVELOPMENT_TEAM = LT2ZWB24ZA;
				FRAMEWORK_SEARCH_PATHS = (
					"$(inherited)",
					"$(PROJECT_DIR)",
				);
				INFOPLIST_FILE = RiksdagsMemo/Info.plist;
				LD_RUNPATH_SEARCH_PATHS = (
					"$(inherited)",
					"@executable_path/Frameworks",
				);
				PRODUCT_BUNDLE_IDENTIFIER = se.larssonhenrik.abc.RiksdagsMemo;
				PRODUCT_NAME = "$(TARGET_NAME)";
				SWIFT_VERSION = 4.2;
				TARGETED_DEVICE_FAMILY = "1,2";
			};
			name = Release;
		};
/* End XCBuildConfiguration section */

/* Begin XCConfigurationList section */
		AF60B728227B05D40060608C /* Build configuration list for PBXProject "RiksdagsMemo" */ = {
			isa = XCConfigurationList;
			buildConfigurations = (
				AF60B73D227B05D60060608C /* Debug */,
				AF60B73E227B05D60060608C /* Release */,
			);
			defaultConfigurationIsVisible = 0;
			defaultConfigurationName = Release;
		};
		AF60B73F227B05D60060608C /* Build configuration list for PBXNativeTarget "RiksdagsMemo" */ = {
			isa = XCConfigurationList;
			buildConfigurations = (
				AF60B740227B05D60060608C /* Debug */,
				AF60B741227B05D60060608C /* Release */,
			);
			defaultConfigurationIsVisible = 0;
			defaultConfigurationName = Release;
		};
/* End XCConfigurationList section */
	};
	rootObject = AF60B725227B05D40060608C /* Project object */;
}
